
Microsoft Visual Studio Solution File, Format Version 12.00
# Visual Studio 15
VisualStudioVersion = 15.0.28010.2046
MinimumVisualStudioVersion = 10.0.40219.1
Project("{9A19103F-16F7-4668-BE54-9A1E7A4F7556}") = "01_Task", "01_Task\01_Task.csproj", "{52EF387B-1C99-4CA1-9EB7-ECDFB37B858F}"
EndProject
Project("{9A19103F-16F7-4668-BE54-9A1E7A4F7556}") = "02_Task", "02_Task\02_Task.csproj", "{CC2D6646-1D28-4724-BF37-78F4A73FE4CF}"
EndProject
Project("{9A19103F-16F7-4668-BE54-9A1E7A4F7556}") = "03_Task", "03_Task\03_Task.csproj", "{60292676-CCC0-44D5-A998-3EBEEBCCD03F}"
EndProject
Project("{9A19103F-16F7-4668-BE54-9A1E7A4F7556}") = "04_Task", "04_Task\04_Task.csproj", "{2052B3F6-7948-4A31-9F1C-B0718167116E}"
EndProject
Project("{9A19103F-16F7-4668-BE54-9A1E7A4F7556}") = "05_Task", "05_Task\05_Task.csproj", "{67809FEB-5236-4839-8DF7-0BC2EE74529E}"
EndProject
Project("{9A19103F-16F7-4668-BE54-9A1E7A4F7556}") = "06_Task", "06_Task\06_Task.csproj", "{28842062-139A-4FB6-959F-7B02615D1F56}"
EndProject
Project("{9A19103F-16F7-4668-BE54-9A1E7A4F7556}") = "07_Task", "07_Task\07_Task.csproj", "{E38F0A0A-C028-4E9F-BB2B-A0FA537089E6}"
EndProject
Project("{9A19103F-16F7-4668-BE54-9A1E7A4F7556}") = "09_Task", "09_Task\09_Task.csproj", "{23535D3A-725E-4430-9E0E-426BC959D93B}"
EndProject
Project("{9A19103F-16F7-4668-BE54-9A1E7A4F7556}") = "08_Task", "08_Task\08_Task.csproj", "{813AA7EA-AD1C-4DCD-9B32-C646E82D138D}"
EndProject
Project("{9A19103F-16F7-4668-BE54-9A1E7A4F7556}") = "10_Task", "10_Task\10_Task.csproj", "{6CD0E217-3BCE-461E-8C69-F9B4B1CD36CF}"
EndProject
Project("{9A19103F-16F7-4668-BE54-9A1E7A4F7556}") = "11_Task", "11_Task\11_Task.csproj", "{EFF25923-9DF9-4454-A2FE-AAEF1B52A2A8}"
EndProject
Project("{9A19103F-16F7-4668-BE54-9A1E7A4F7556}") = "12_Task", "12_Task\12_Task.csproj", "{99F37900-98BA-4C27-B452-958F447E7771}"
EndProject
Project("{9A19103F-16F7-4668-BE54-9A1E7A4F7556}") = "13_Task", "13_Task\13_Task.csproj", "{7D985EAF-F7C8-4BD3-A575-57049BFB720A}"
EndProject
Project("{9A19103F-16F7-4668-BE54-9A1E7A4F7556}") = "14_Task", "14_Task\14_Task.csproj", "{C871E459-82A7-46FC-B53F-BB70E9F65723}"
EndProject
Project("{9A19103F-16F7-4668-BE54-9A1E7A4F7556}") = "15_Task", "15_Task\15_Task.csproj", "{0C23537B-2F8E-42CB-A816-8EEF3EBB8DDE}"
EndProject
Project("{9A19103F-16F7-4668-BE54-9A1E7A4F7556}") = "16_Task", "16_Task\16_Task.csproj", "{7E4C365D-2CC0-4A94-8561-25AE9F738FF2}"
EndProject
Project("{9A19103F-16F7-4668-BE54-9A1E7A4F7556}") = "17_Task", "17_Task\17_Task.csproj", "{112CB624-FEF3-4812-BD82-7B3424AC5719}"
EndProject
Project("{9A19103F-16F7-4668-BE54-9A1E7A4F7556}") = "18_Task", "18_Task\18_Task.csproj", "{F1324A4F-08B5-40CC-BBD4-8F8EFD7F3104}"
EndProject
Project("{9A19103F-16F7-4668-BE54-9A1E7A4F7556}") = "19_Task", "19_Task\19_Task.csproj", "{10CCFB83-BA4F-47D3-84B6-3EF798D759D5}"
EndProject
Project("{9A19103F-16F7-4668-BE54-9A1E7A4F7556}") = "20_Task", "20_Task\20_Task.csproj", "{09879516-70D3-4503-AD7A-FF7554D38B09}"
EndProject
Project("{9A19103F-16F7-4668-BE54-9A1E7A4F7556}") = "21_Task", "21_Task\21_Task.csproj", "{D1CF903A-5FB1-40C9-92E1-E314DAF84E68}"
EndProject
Project("{9A19103F-16F7-4668-BE54-9A1E7A4F7556}") = "22_Task", "22_Task\22_Task.csproj", "{5363FD75-D839-4347-B2B9-31BA77C2BA66}"
EndProject
Project("{9A19103F-16F7-4668-BE54-9A1E7A4F7556}") = "23_Task", "23_Task\23_Task.csproj", "{4AAEF0C3-FCBD-4F1C-9F00-900392C0A0AA}"
EndProject
Project("{FAE04EC0-301F-11D3-BF4B-00C04F79EFBC}") = "24_Task", "24_Task\24_Task.csproj", "{5A5D2605-5373-4F2F-8281-FB69E700966A}"
EndProject
Project("{FAE04EC0-301F-11D3-BF4B-00C04F79EFBC}") = "25_Task", "25_Task\25_Task.csproj", "{56819940-5E05-4478-BA01-3E57CD6361D0}"
EndProject
Project("{FAE04EC0-301F-11D3-BF4B-00C04F79EFBC}") = "26_Task", "26_Task\26_Task.csproj", "{07ADADDA-96C8-4B38-BA75-78BA15AB8702}"
EndProject
Project("{FAE04EC0-301F-11D3-BF4B-00C04F79EFBC}") = "27_Task", "27_Task\27_Task.csproj", "{25E6DEDD-43FE-497E-A540-EB523B33D916}"
EndProject
Global
	GlobalSection(SolutionConfigurationPlatforms) = preSolution
		Debug|Any CPU = Debug|Any CPU
		Release|Any CPU = Release|Any CPU
	EndGlobalSection
	GlobalSection(ProjectConfigurationPlatforms) = postSolution
		{52EF387B-1C99-4CA1-9EB7-ECDFB37B858F}.Debug|Any CPU.ActiveCfg = Debug|Any CPU
		{52EF387B-1C99-4CA1-9EB7-ECDFB37B858F}.Debug|Any CPU.Build.0 = Debug|Any CPU
		{52EF387B-1C99-4CA1-9EB7-ECDFB37B858F}.Release|Any CPU.ActiveCfg = Release|Any CPU
		{52EF387B-1C99-4CA1-9EB7-ECDFB37B858F}.Release|Any CPU.Build.0 = Release|Any CPU
		{CC2D6646-1D28-4724-BF37-78F4A73FE4CF}.Debug|Any CPU.ActiveCfg = Debug|Any CPU
		{CC2D6646-1D28-4724-BF37-78F4A73FE4CF}.Debug|Any CPU.Build.0 = Debug|Any CPU
		{CC2D6646-1D28-4724-BF37-78F4A73FE4CF}.Release|Any CPU.ActiveCfg = Release|Any CPU
		{CC2D6646-1D28-4724-BF37-78F4A73FE4CF}.Release|Any CPU.Build.0 = Release|Any CPU
		{60292676-CCC0-44D5-A998-3EBEEBCCD03F}.Debug|Any CPU.ActiveCfg = Debug|Any CPU
		{60292676-CCC0-44D5-A998-3EBEEBCCD03F}.Debug|Any CPU.Build.0 = Debug|Any CPU
		{60292676-CCC0-44D5-A998-3EBEEBCCD03F}.Release|Any CPU.ActiveCfg = Release|Any CPU
		{60292676-CCC0-44D5-A998-3EBEEBCCD03F}.Release|Any CPU.Build.0 = Release|Any CPU
		{2052B3F6-7948-4A31-9F1C-B0718167116E}.Debug|Any CPU.ActiveCfg = Debug|Any CPU
		{2052B3F6-7948-4A31-9F1C-B0718167116E}.Debug|Any CPU.Build.0 = Debug|Any CPU
		{2052B3F6-7948-4A31-9F1C-B0718167116E}.Release|Any CPU.ActiveCfg = Release|Any CPU
		{2052B3F6-7948-4A31-9F1C-B0718167116E}.Release|Any CPU.Build.0 = Release|Any CPU
		{67809FEB-5236-4839-8DF7-0BC2EE74529E}.Debug|Any CPU.ActiveCfg = Debug|Any CPU
		{67809FEB-5236-4839-8DF7-0BC2EE74529E}.Debug|Any CPU.Build.0 = Debug|Any CPU
		{67809FEB-5236-4839-8DF7-0BC2EE74529E}.Release|Any CPU.ActiveCfg = Release|Any CPU
		{67809FEB-5236-4839-8DF7-0BC2EE74529E}.Release|Any CPU.Build.0 = Release|Any CPU
		{28842062-139A-4FB6-959F-7B02615D1F56}.Debug|Any CPU.ActiveCfg = Debug|Any CPU
		{28842062-139A-4FB6-959F-7B02615D1F56}.Debug|Any CPU.Build.0 = Debug|Any CPU
		{28842062-139A-4FB6-959F-7B02615D1F56}.Release|Any CPU.ActiveCfg = Release|Any CPU
		{28842062-139A-4FB6-959F-7B02615D1F56}.Release|Any CPU.Build.0 = Release|Any CPU
		{E38F0A0A-C028-4E9F-BB2B-A0FA537089E6}.Debug|Any CPU.ActiveCfg = Debug|Any CPU
		{E38F0A0A-C028-4E9F-BB2B-A0FA537089E6}.Debug|Any CPU.Build.0 = Debug|Any CPU
		{E38F0A0A-C028-4E9F-BB2B-A0FA537089E6}.Release|Any CPU.ActiveCfg = Release|Any CPU
		{E38F0A0A-C028-4E9F-BB2B-A0FA537089E6}.Release|Any CPU.Build.0 = Release|Any CPU
		{23535D3A-725E-4430-9E0E-426BC959D93B}.Debug|Any CPU.ActiveCfg = Debug|Any CPU
		{23535D3A-725E-4430-9E0E-426BC959D93B}.Debug|Any CPU.Build.0 = Debug|Any CPU
		{23535D3A-725E-4430-9E0E-426BC959D93B}.Release|Any CPU.ActiveCfg = Release|Any CPU
		{23535D3A-725E-4430-9E0E-426BC959D93B}.Release|Any CPU.Build.0 = Release|Any CPU
		{813AA7EA-AD1C-4DCD-9B32-C646E82D138D}.Debug|Any CPU.ActiveCfg = Debug|Any CPU
		{813AA7EA-AD1C-4DCD-9B32-C646E82D138D}.Debug|Any CPU.Build.0 = Debug|Any CPU
		{813AA7EA-AD1C-4DCD-9B32-C646E82D138D}.Release|Any CPU.ActiveCfg = Release|Any CPU
		{813AA7EA-AD1C-4DCD-9B32-C646E82D138D}.Release|Any CPU.Build.0 = Release|Any CPU
		{6CD0E217-3BCE-461E-8C69-F9B4B1CD36CF}.Debug|Any CPU.ActiveCfg = Debug|Any CPU
		{6CD0E217-3BCE-461E-8C69-F9B4B1CD36CF}.Debug|Any CPU.Build.0 = Debug|Any CPU
		{6CD0E217-3BCE-461E-8C69-F9B4B1CD36CF}.Release|Any CPU.ActiveCfg = Release|Any CPU
		{6CD0E217-3BCE-461E-8C69-F9B4B1CD36CF}.Release|Any CPU.Build.0 = Release|Any CPU
		{EFF25923-9DF9-4454-A2FE-AAEF1B52A2A8}.Debug|Any CPU.ActiveCfg = Debug|Any CPU
		{EFF25923-9DF9-4454-A2FE-AAEF1B52A2A8}.Debug|Any CPU.Build.0 = Debug|Any CPU
		{EFF25923-9DF9-4454-A2FE-AAEF1B52A2A8}.Release|Any CPU.ActiveCfg = Release|Any CPU
		{EFF25923-9DF9-4454-A2FE-AAEF1B52A2A8}.Release|Any CPU.Build.0 = Release|Any CPU
		{99F37900-98BA-4C27-B452-958F447E7771}.Debug|Any CPU.ActiveCfg = Debug|Any CPU
		{99F37900-98BA-4C27-B452-958F447E7771}.Debug|Any CPU.Build.0 = Debug|Any CPU
		{99F37900-98BA-4C27-B452-958F447E7771}.Release|Any CPU.ActiveCfg = Release|Any CPU
		{99F37900-98BA-4C27-B452-958F447E7771}.Release|Any CPU.Build.0 = Release|Any CPU
		{7D985EAF-F7C8-4BD3-A575-57049BFB720A}.Debug|Any CPU.ActiveCfg = Debug|Any CPU
		{7D985EAF-F7C8-4BD3-A575-57049BFB720A}.Debug|Any CPU.Build.0 = Debug|Any CPU
		{7D985EAF-F7C8-4BD3-A575-57049BFB720A}.Release|Any CPU.ActiveCfg = Release|Any CPU
		{7D985EAF-F7C8-4BD3-A575-57049BFB720A}.Release|Any CPU.Build.0 = Release|Any CPU
		{C871E459-82A7-46FC-B53F-BB70E9F65723}.Debug|Any CPU.ActiveCfg = Debug|Any CPU
		{C871E459-82A7-46FC-B53F-BB70E9F65723}.Debug|Any CPU.Build.0 = Debug|Any CPU
		{C871E459-82A7-46FC-B53F-BB70E9F65723}.Release|Any CPU.ActiveCfg = Release|Any CPU
		{C871E459-82A7-46FC-B53F-BB70E9F65723}.Release|Any CPU.Build.0 = Release|Any CPU
		{0C23537B-2F8E-42CB-A816-8EEF3EBB8DDE}.Debug|Any CPU.ActiveCfg = Debug|Any CPU
		{0C23537B-2F8E-42CB-A816-8EEF3EBB8DDE}.Debug|Any CPU.Build.0 = Debug|Any CPU
		{0C23537B-2F8E-42CB-A816-8EEF3EBB8DDE}.Release|Any CPU.ActiveCfg = Release|Any CPU
		{0C23537B-2F8E-42CB-A816-8EEF3EBB8DDE}.Release|Any CPU.Build.0 = Release|Any CPU
		{7E4C365D-2CC0-4A94-8561-25AE9F738FF2}.Debug|Any CPU.ActiveCfg = Debug|Any CPU
		{7E4C365D-2CC0-4A94-8561-25AE9F738FF2}.Debug|Any CPU.Build.0 = Debug|Any CPU
		{7E4C365D-2CC0-4A94-8561-25AE9F738FF2}.Release|Any CPU.ActiveCfg = Release|Any CPU
		{7E4C365D-2CC0-4A94-8561-25AE9F738FF2}.Release|Any CPU.Build.0 = Release|Any CPU
		{112CB624-FEF3-4812-BD82-7B3424AC5719}.Debug|Any CPU.ActiveCfg = Debug|Any CPU
		{112CB624-FEF3-4812-BD82-7B3424AC5719}.Debug|Any CPU.Build.0 = Debug|Any CPU
		{112CB624-FEF3-4812-BD82-7B3424AC5719}.Release|Any CPU.ActiveCfg = Release|Any CPU
		{112CB624-FEF3-4812-BD82-7B3424AC5719}.Release|Any CPU.Build.0 = Release|Any CPU
		{F1324A4F-08B5-40CC-BBD4-8F8EFD7F3104}.Debug|Any CPU.ActiveCfg = Debug|Any CPU
		{F1324A4F-08B5-40CC-BBD4-8F8EFD7F3104}.Debug|Any CPU.Build.0 = Debug|Any CPU
		{F1324A4F-08B5-40CC-BBD4-8F8EFD7F3104}.Release|Any CPU.ActiveCfg = Release|Any CPU
		{F1324A4F-08B5-40CC-BBD4-8F8EFD7F3104}.Release|Any CPU.Build.0 = Release|Any CPU
		{10CCFB83-BA4F-47D3-84B6-3EF798D759D5}.Debug|Any CPU.ActiveCfg = Debug|Any CPU
		{10CCFB83-BA4F-47D3-84B6-3EF798D759D5}.Debug|Any CPU.Build.0 = Debug|Any CPU
		{10CCFB83-BA4F-47D3-84B6-3EF798D759D5}.Release|Any CPU.ActiveCfg = Release|Any CPU
		{10CCFB83-BA4F-47D3-84B6-3EF798D759D5}.Release|Any CPU.Build.0 = Release|Any CPU
		{09879516-70D3-4503-AD7A-FF7554D38B09}.Debug|Any CPU.ActiveCfg = Debug|Any CPU
		{09879516-70D3-4503-AD7A-FF7554D38B09}.Debug|Any CPU.Build.0 = Debug|Any CPU
		{09879516-70D3-4503-AD7A-FF7554D38B09}.Release|Any CPU.ActiveCfg = Release|Any CPU
		{09879516-70D3-4503-AD7A-FF7554D38B09}.Release|Any CPU.Build.0 = Release|Any CPU
		{D1CF903A-5FB1-40C9-92E1-E314DAF84E68}.Debug|Any CPU.ActiveCfg = Debug|Any CPU
		{D1CF903A-5FB1-40C9-92E1-E314DAF84E68}.Debug|Any CPU.Build.0 = Debug|Any CPU
		{D1CF903A-5FB1-40C9-92E1-E314DAF84E68}.Release|Any CPU.ActiveCfg = Release|Any CPU
		{D1CF903A-5FB1-40C9-92E1-E314DAF84E68}.Release|Any CPU.Build.0 = Release|Any CPU
		{5363FD75-D839-4347-B2B9-31BA77C2BA66}.Debug|Any CPU.ActiveCfg = Debug|Any CPU
		{5363FD75-D839-4347-B2B9-31BA77C2BA66}.Debug|Any CPU.Build.0 = Debug|Any CPU
		{5363FD75-D839-4347-B2B9-31BA77C2BA66}.Release|Any CPU.ActiveCfg = Release|Any CPU
		{5363FD75-D839-4347-B2B9-31BA77C2BA66}.Release|Any CPU.Build.0 = Release|Any CPU
		{4AAEF0C3-FCBD-4F1C-9F00-900392C0A0AA}.Debug|Any CPU.ActiveCfg = Debug|Any CPU
		{4AAEF0C3-FCBD-4F1C-9F00-900392C0A0AA}.Debug|Any CPU.Build.0 = Debug|Any CPU
		{4AAEF0C3-FCBD-4F1C-9F00-900392C0A0AA}.Release|Any CPU.ActiveCfg = Release|Any CPU
		{4AAEF0C3-FCBD-4F1C-9F00-900392C0A0AA}.Release|Any CPU.Build.0 = Release|Any CPU
		{5A5D2605-5373-4F2F-8281-FB69E700966A}.Debug|Any CPU.ActiveCfg = Debug|Any CPU
		{5A5D2605-5373-4F2F-8281-FB69E700966A}.Debug|Any CPU.Build.0 = Debug|Any CPU
		{5A5D2605-5373-4F2F-8281-FB69E700966A}.Release|Any CPU.ActiveCfg = Release|Any CPU
		{5A5D2605-5373-4F2F-8281-FB69E700966A}.Release|Any CPU.Build.0 = Release|Any CPU
		{56819940-5E05-4478-BA01-3E57CD6361D0}.Debug|Any CPU.ActiveCfg = Debug|Any CPU
		{56819940-5E05-4478-BA01-3E57CD6361D0}.Debug|Any CPU.Build.0 = Debug|Any CPU
		{56819940-5E05-4478-BA01-3E57CD6361D0}.Release|Any CPU.ActiveCfg = Release|Any CPU
		{56819940-5E05-4478-BA01-3E57CD6361D0}.Release|Any CPU.Build.0 = Release|Any CPU
		{07ADADDA-96C8-4B38-BA75-78BA15AB8702}.Debug|Any CPU.ActiveCfg = Debug|Any CPU
		{07ADADDA-96C8-4B38-BA75-78BA15AB8702}.Debug|Any CPU.Build.0 = Debug|Any CPU
		{07ADADDA-96C8-4B38-BA75-78BA15AB8702}.Release|Any CPU.ActiveCfg = Release|Any CPU
		{07ADADDA-96C8-4B38-BA75-78BA15AB8702}.Release|Any CPU.Build.0 = Release|Any CPU
		{25E6DEDD-43FE-497E-A540-EB523B33D916}.Debug|Any CPU.ActiveCfg = Debug|Any CPU
		{25E6DEDD-43FE-497E-A540-EB523B33D916}.Debug|Any CPU.Build.0 = Debug|Any CPU
		{25E6DEDD-43FE-497E-A540-EB523B33D916}.Release|Any CPU.ActiveCfg = Release|Any CPU
		{25E6DEDD-43FE-497E-A540-EB523B33D916}.Release|Any CPU.Build.0 = Release|Any CPU
	EndGlobalSection
	GlobalSection(SolutionProperties) = preSolution
		HideSolutionNode = FALSE
	EndGlobalSection
	GlobalSection(ExtensibilityGlobals) = postSolution
		SolutionGuid = {2038C74F-A52B-4311-92D3-74F8AD170289}
	EndGlobalSection
EndGlobal
